
Microsoft Visual Studio Solution File, Format Version 12.00
# Visual Studio Version 16
VisualStudioVersion = 16.0.28803.202
MinimumVisualStudioVersion = 10.0.40219.1
Project("{FAE04EC0-301F-11D3-BF4B-00C04F79EFBC}") = "z05.console", "z05.console\z05.console.csproj", "{BBB15979-C357-4FE4-91DA-6CC376C74F3D}"
EndProject
Global
	GlobalSection(SolutionConfigurationPlatforms) = preSolution
		Debug|Any CPU = Debug|Any CPU
		Release|Any CPU = Release|Any CPU
	EndGlobalSection
	GlobalSection(ProjectConfigurationPlatforms) = postSolution
		{BBB15979-C357-4FE4-91DA-6CC376C74F3D}.Debug|Any CPU.ActiveCfg = Debug|Any CPU
		{BBB15979-C357-4FE4-91DA-6CC376C74F3D}.Debug|Any CPU.Build.0 = Debug|Any CPU
		{BBB15979-C357-4FE4-91DA-6CC376C74F3D}.Release|Any CPU.ActiveCfg = Release|Any CPU
		{BBB15979-C357-4FE4-91DA-6CC376C74F3D}.Release|Any CPU.Build.0 = Release|Any CPU
	EndGlobalSection
	GlobalSection(SolutionProperties) = preSolution
		HideSolutionNode = FALSE
	EndGlobalSection
	GlobalSection(ExtensibilityGlobals) = postSolution
		SolutionGuid = {FEF591FA-C22B-4FAA-87AA-D616F3E5A95F}
	EndGlobalSection
EndGlobal
