
Microsoft Visual Studio Solution File, Format Version 12.00
# Visual Studio Version 16
VisualStudioVersion = 16.0.28803.202
MinimumVisualStudioVersion = 10.0.40219.1
Project("{FAE04EC0-301F-11D3-BF4B-00C04F79EFBC}") = "z09.console", "z09.console\z09.console.csproj", "{B68C6C83-6263-400C-996E-8B52D0413CAD}"
EndProject
Global
	GlobalSection(SolutionConfigurationPlatforms) = preSolution
		Debug|Any CPU = Debug|Any CPU
		Release|Any CPU = Release|Any CPU
	EndGlobalSection
	GlobalSection(ProjectConfigurationPlatforms) = postSolution
		{B68C6C83-6263-400C-996E-8B52D0413CAD}.Debug|Any CPU.ActiveCfg = Debug|Any CPU
		{B68C6C83-6263-400C-996E-8B52D0413CAD}.Debug|Any CPU.Build.0 = Debug|Any CPU
		{B68C6C83-6263-400C-996E-8B52D0413CAD}.Release|Any CPU.ActiveCfg = Release|Any CPU
		{B68C6C83-6263-400C-996E-8B52D0413CAD}.Release|Any CPU.Build.0 = Release|Any CPU
	EndGlobalSection
	GlobalSection(SolutionProperties) = preSolution
		HideSolutionNode = FALSE
	EndGlobalSection
	GlobalSection(ExtensibilityGlobals) = postSolution
		SolutionGuid = {83075CC7-CF09-4BA7-9C25-D83EC258015D}
	EndGlobalSection
EndGlobal
