
Microsoft Visual Studio Solution File, Format Version 12.00
# Visual Studio Version 16
VisualStudioVersion = 16.0.30804.86
MinimumVisualStudioVersion = 10.0.40219.1
Project("{FAE04EC0-301F-11D3-BF4B-00C04F79EFBC}") = "z12.console", "z12.console\z12.console.csproj", "{9BE1AB7F-51FC-4807-9091-14EAC45C200B}"
EndProject
Global
	GlobalSection(SolutionConfigurationPlatforms) = preSolution
		Debug|Any CPU = Debug|Any CPU
		Release|Any CPU = Release|Any CPU
	EndGlobalSection
	GlobalSection(ProjectConfigurationPlatforms) = postSolution
		{9BE1AB7F-51FC-4807-9091-14EAC45C200B}.Debug|Any CPU.ActiveCfg = Debug|Any CPU
		{9BE1AB7F-51FC-4807-9091-14EAC45C200B}.Debug|Any CPU.Build.0 = Debug|Any CPU
		{9BE1AB7F-51FC-4807-9091-14EAC45C200B}.Release|Any CPU.ActiveCfg = Release|Any CPU
		{9BE1AB7F-51FC-4807-9091-14EAC45C200B}.Release|Any CPU.Build.0 = Release|Any CPU
	EndGlobalSection
	GlobalSection(SolutionProperties) = preSolution
		HideSolutionNode = FALSE
	EndGlobalSection
	GlobalSection(ExtensibilityGlobals) = postSolution
		SolutionGuid = {C284769C-7AD6-4210-9993-25E57157C579}
	EndGlobalSection
EndGlobal
