
Microsoft Visual Studio Solution File, Format Version 12.00
# Visual Studio Version 16
VisualStudioVersion = 16.0.28803.202
MinimumVisualStudioVersion = 10.0.40219.1
Project("{FAE04EC0-301F-11D3-BF4B-00C04F79EFBC}") = "z06.console", "z06.console\z06.console.csproj", "{218B58CA-1814-4729-B9AD-D730B15C3DA6}"
EndProject
Global
	GlobalSection(SolutionConfigurationPlatforms) = preSolution
		Debug|Any CPU = Debug|Any CPU
		Release|Any CPU = Release|Any CPU
	EndGlobalSection
	GlobalSection(ProjectConfigurationPlatforms) = postSolution
		{218B58CA-1814-4729-B9AD-D730B15C3DA6}.Debug|Any CPU.ActiveCfg = Debug|Any CPU
		{218B58CA-1814-4729-B9AD-D730B15C3DA6}.Debug|Any CPU.Build.0 = Debug|Any CPU
		{218B58CA-1814-4729-B9AD-D730B15C3DA6}.Release|Any CPU.ActiveCfg = Release|Any CPU
		{218B58CA-1814-4729-B9AD-D730B15C3DA6}.Release|Any CPU.Build.0 = Release|Any CPU
	EndGlobalSection
	GlobalSection(SolutionProperties) = preSolution
		HideSolutionNode = FALSE
	EndGlobalSection
	GlobalSection(ExtensibilityGlobals) = postSolution
		SolutionGuid = {9DBDFEF8-084B-41A4-A894-747856B44D87}
	EndGlobalSection
EndGlobal
